// !$*UTF8*$!
{
	archiveVersion = 1;
	classes = {
	};
	objectVersion = 77;
	objects = {

/* Begin PBXBuildFile section */
		51DC55C82D9B2FC40010E953 /* FirebaseAnalytics in Frameworks */ = {isa = PBXBuildFile; productRef = 51DC55C72D9B2FC40010E953 /* FirebaseAnalytics */; };
		51DC55CA2D9B2FC40010E953 /* FirebaseAnalyticsOnDeviceConversion in Frameworks */ = {isa = PBXBuildFile; productRef = 51DC55C92D9B2FC40010E953 /* FirebaseAnalyticsOnDeviceConversion */; };
		51DC55CC2D9B2FC40010E953 /* FirebaseAnalyticsWithoutAdIdSupport in Frameworks */ = {isa = PBXBuildFile; productRef = 51DC55CB2D9B2FC40010E953 /* FirebaseAnalyticsWithoutAdIdSupport */; };
		51DC55CE2D9B2FC40010E953 /* FirebaseAppCheck in Frameworks */ = {isa = PBXBuildFile; productRef = 51DC55CD2D9B2FC40010E953 /* FirebaseAppCheck */; };
		51DC55D02D9B2FC40010E953 /* FirebaseAppDistribution-Beta in Frameworks */ = {isa = PBXBuildFile; productRef = 51DC55CF2D9B2FC40010E953 /* FirebaseAppDistribution-Beta */; };
		51DC55D32D9B31180010E953 /* GoogleSignIn in Frameworks */ = {isa = PBXBuildFile; productRef = 51DC55D22D9B31180010E953 /* GoogleSignIn */; };
		51DC55D52D9B31180010E953 /* GoogleSignInSwift in Frameworks */ = {isa = PBXBuildFile; productRef = 51DC55D42D9B31180010E953 /* GoogleSignInSwift */; };
		51DC55D82D9B32920010E953 /* FirebaseAuth in Frameworks */ = {isa = PBXBuildFile; productRef = 51DC55D72D9B32920010E953 /* FirebaseAuth */; };
/* End PBXBuildFile section */

/* Begin PBXContainerItemProxy section */
		B31B65FB2D924D8700897EDA /* PBXContainerItemProxy */ = {
			isa = PBXContainerItemProxy;
			containerPortal = B31B65E22D924D8600897EDA /* Project object */;
			proxyType = 1;
			remoteGlobalIDString = B31B65E92D924D8600897EDA;
			remoteInfo = Fitpalzsz;
		};
		B31B66052D924D8700897EDA /* PBXContainerItemProxy */ = {
			isa = PBXContainerItemProxy;
			containerPortal = B31B65E22D924D8600897EDA /* Project object */;
			proxyType = 1;
			remoteGlobalIDString = B31B65E92D924D8600897EDA;
			remoteInfo = Fitpalzsz;
		};
/* End PBXContainerItemProxy section */

/* Begin PBXFileReference section */
		B31B65EA2D924D8600897EDA /* Fitpalzsz.app */ = {isa = PBXFileReference; explicitFileType = wrapper.application; includeInIndex = 0; path = Fitpalzsz.app; sourceTree = BUILT_PRODUCTS_DIR; };
		B31B65FA2D924D8700897EDA /* FitpalzszTests.xctest */ = {isa = PBXFileReference; explicitFileType = wrapper.cfbundle; includeInIndex = 0; path = FitpalzszTests.xctest; sourceTree = BUILT_PRODUCTS_DIR; };
		B31B66042D924D8700897EDA /* FitpalzszUITests.xctest */ = {isa = PBXFileReference; explicitFileType = wrapper.cfbundle; includeInIndex = 0; path = FitpalzszUITests.xctest; sourceTree = BUILT_PRODUCTS_DIR; };
/* End PBXFileReference section */

/* Begin PBXFileSystemSynchronizedBuildFileExceptionSet section */
		51DC55DC2D9B36110010E953 /* Exceptions for "Fitpalzsz" folder in "Fitpalzsz" target */ = {
			isa = PBXFileSystemSynchronizedBuildFileExceptionSet;
			membershipExceptions = (
				Info.plist,
			);
			target = B31B65E92D924D8600897EDA /* Fitpalzsz */;
		};
/* End PBXFileSystemSynchronizedBuildFileExceptionSet section */

/* Begin PBXFileSystemSynchronizedRootGroup section */
		B31B65EC2D924D8600897EDA /* Fitpalzsz */ = {
			isa = PBXFileSystemSynchronizedRootGroup;
			exceptions = (
				51DC55DC2D9B36110010E953 /* Exceptions for "Fitpalzsz" folder in "Fitpalzsz" target */,
			);
			path = Fitpalzsz;
			sourceTree = "<group>";
		};
		B31B65FD2D924D8700897EDA /* FitpalzszTests */ = {
			isa = PBXFileSystemSynchronizedRootGroup;
			path = FitpalzszTests;
			sourceTree = "<group>";
		};
		B31B66072D924D8700897EDA /* FitpalzszUITests */ = {
			isa = PBXFileSystemSynchronizedRootGroup;
			path = FitpalzszUITests;
			sourceTree = "<group>";
		};
/* End PBXFileSystemSynchronizedRootGroup section */

/* Begin PBXFrameworksBuildPhase section */
		B31B65E72D924D8600897EDA /* Frameworks */ = {
			isa = PBXFrameworksBuildPhase;
			buildActionMask = 2147483647;
			files = (
				51DC55CE2D9B2FC40010E953 /* FirebaseAppCheck in Frameworks */,
				51DC55C82D9B2FC40010E953 /* FirebaseAnalytics in Frameworks */,
				51DC55D52D9B31180010E953 /* GoogleSignInSwift in Frameworks */,
				51DC55D02D9B2FC40010E953 /* FirebaseAppDistribution-Beta in Frameworks */,
				51DC55CC2D9B2FC40010E953 /* FirebaseAnalyticsWithoutAdIdSupport in Frameworks */,
				51DC55CA2D9B2FC40010E953 /* FirebaseAnalyticsOnDeviceConversion in Frameworks */,
				51DC55D32D9B31180010E953 /* GoogleSignIn in Frameworks */,
				51DC55D82D9B32920010E953 /* FirebaseAuth in Frameworks */,
			);
			runOnlyForDeploymentPostprocessing = 0;
		};
		B31B65F72D924D8700897EDA /* Frameworks */ = {
			isa = PBXFrameworksBuildPhase;
			buildActionMask = 2147483647;
			files = (
			);
			runOnlyForDeploymentPostprocessing = 0;
		};
		B31B66012D924D8700897EDA /* Frameworks */ = {
			isa = PBXFrameworksBuildPhase;
			buildActionMask = 2147483647;
			files = (
			);
			runOnlyForDeploymentPostprocessing = 0;
		};
/* End PBXFrameworksBuildPhase section */

/* Begin PBXGroup section */
		51DC55D62D9B32920010E953 /* Frameworks */ = {
			isa = PBXGroup;
			children = (
			);
			name = Frameworks;
			sourceTree = "<group>";
		};
		B31B65E12D924D8600897EDA = {
			isa = PBXGroup;
			children = (
				B31B65EC2D924D8600897EDA /* Fitpalzsz */,
				B31B65FD2D924D8700897EDA /* FitpalzszTests */,
				B31B66072D924D8700897EDA /* FitpalzszUITests */,
				51DC55D62D9B32920010E953 /* Frameworks */,
				B31B65EB2D924D8600897EDA /* Products */,
			);
			sourceTree = "<group>";
		};
		B31B65EB2D924D8600897EDA /* Products */ = {
			isa = PBXGroup;
			children = (
				B31B65EA2D924D8600897EDA /* Fitpalzsz.app */,
				B31B65FA2D924D8700897EDA /* FitpalzszTests.xctest */,
				B31B66042D924D8700897EDA /* FitpalzszUITests.xctest */,
			);
			name = Products;
			sourceTree = "<group>";
		};
/* End PBXGroup section */

/* Begin PBXNativeTarget section */
		B31B65E92D924D8600897EDA /* Fitpalzsz */ = {
			isa = PBXNativeTarget;
			buildConfigurationList = B31B660E2D924D8700897EDA /* Build configuration list for PBXNativeTarget "Fitpalzsz" */;
			buildPhases = (
				B31B65E62D924D8600897EDA /* Sources */,
				B31B65E72D924D8600897EDA /* Frameworks */,
				B31B65E82D924D8600897EDA /* Resources */,
			);
			buildRules = (
			);
			dependencies = (
			);
			fileSystemSynchronizedGroups = (
				B31B65EC2D924D8600897EDA /* Fitpalzsz */,
			);
			name = Fitpalzsz;
			packageProductDependencies = (
				51DC55C72D9B2FC40010E953 /* FirebaseAnalytics */,
				51DC55C92D9B2FC40010E953 /* FirebaseAnalyticsOnDeviceConversion */,
				51DC55CB2D9B2FC40010E953 /* FirebaseAnalyticsWithoutAdIdSupport */,
				51DC55CD2D9B2FC40010E953 /* FirebaseAppCheck */,
				51DC55CF2D9B2FC40010E953 /* FirebaseAppDistribution-Beta */,
				51DC55D22D9B31180010E953 /* GoogleSignIn */,
				51DC55D42D9B31180010E953 /* GoogleSignInSwift */,
				51DC55D72D9B32920010E953 /* FirebaseAuth */,
			);
			productName = Fitpalzsz;
			productReference = B31B65EA2D924D8600897EDA /* Fitpalzsz.app */;
			productType = "com.apple.product-type.application";
		};
		B31B65F92D924D8700897EDA /* FitpalzszTests */ = {
			isa = PBXNativeTarget;
			buildConfigurationList = B31B66112D924D8700897EDA /* Build configuration list for PBXNativeTarget "FitpalzszTests" */;
			buildPhases = (
				B31B65F62D924D8700897EDA /* Sources */,
				B31B65F72D924D8700897EDA /* Frameworks */,
				B31B65F82D924D8700897EDA /* Resources */,
			);
			buildRules = (
			);
			dependencies = (
				B31B65FC2D924D8700897EDA /* PBXTargetDependency */,
			);
			fileSystemSynchronizedGroups = (
				B31B65FD2D924D8700897EDA /* FitpalzszTests */,
			);
			name = FitpalzszTests;
			packageProductDependencies = (
			);
			productName = FitpalzszTests;
			productReference = B31B65FA2D924D8700897EDA /* FitpalzszTests.xctest */;
			productType = "com.apple.product-type.bundle.unit-test";
		};
		B31B66032D924D8700897EDA /* FitpalzszUITests */ = {
			isa = PBXNativeTarget;
			buildConfigurationList = B31B66142D924D8700897EDA /* Build configuration list for PBXNativeTarget "FitpalzszUITests" */;
			buildPhases = (
				B31B66002D924D8700897EDA /* Sources */,
				B31B66012D924D8700897EDA /* Frameworks */,
				B31B66022D924D8700897EDA /* Resources */,
			);
			buildRules = (
			);
			dependencies = (
				B31B66062D924D8700897EDA /* PBXTargetDependency */,
			);
			fileSystemSynchronizedGroups = (
				B31B66072D924D8700897EDA /* FitpalzszUITests */,
			);
			name = FitpalzszUITests;
			packageProductDependencies = (
			);
			productName = FitpalzszUITests;
			productReference = B31B66042D924D8700897EDA /* FitpalzszUITests.xctest */;
			productType = "com.apple.product-type.bundle.ui-testing";
		};
/* End PBXNativeTarget section */

/* Begin PBXProject section */
		B31B65E22D924D8600897EDA /* Project object */ = {
			isa = PBXProject;
			attributes = {
				BuildIndependentTargetsInParallel = 1;
				LastSwiftUpdateCheck = 1620;
				LastUpgradeCheck = 1620;
				TargetAttributes = {
					B31B65E92D924D8600897EDA = {
						CreatedOnToolsVersion = 16.2;
					};
					B31B65F92D924D8700897EDA = {
						CreatedOnToolsVersion = 16.2;
						TestTargetID = B31B65E92D924D8600897EDA;
					};
					B31B66032D924D8700897EDA = {
						CreatedOnToolsVersion = 16.2;
						TestTargetID = B31B65E92D924D8600897EDA;
					};
				};
			};
			buildConfigurationList = B31B65E52D924D8600897EDA /* Build configuration list for PBXProject "Fitpalzsz" */;
			developmentRegion = en;
			hasScannedForEncodings = 0;
			knownRegions = (
				en,
				Base,
			);
			mainGroup = B31B65E12D924D8600897EDA;
			minimizedProjectReferenceProxies = 1;
			packageReferences = (
				51DC55C62D9B2FC40010E953 /* XCRemoteSwiftPackageReference "firebase-ios-sdk" */,
				51DC55D12D9B31180010E953 /* XCRemoteSwiftPackageReference "GoogleSignIn-iOS" */,
			);
			preferredProjectObjectVersion = 77;
			productRefGroup = B31B65EB2D924D8600897EDA /* Products */;
			projectDirPath = "";
			projectRoot = "";
			targets = (
				B31B65E92D924D8600897EDA /* Fitpalzsz */,
				B31B65F92D924D8700897EDA /* FitpalzszTests */,
				B31B66032D924D8700897EDA /* FitpalzszUITests */,
			);
		};
/* End PBXProject section */

/* Begin PBXResourcesBuildPhase section */
		B31B65E82D924D8600897EDA /* Resources */ = {
			isa = PBXResourcesBuildPhase;
			buildActionMask = 2147483647;
			files = (
			);
			runOnlyForDeploymentPostprocessing = 0;
		};
		B31B65F82D924D8700897EDA /* Resources */ = {
			isa = PBXResourcesBuildPhase;
			buildActionMask = 2147483647;
			files = (
			);
			runOnlyForDeploymentPostprocessing = 0;
		};
		B31B66022D924D8700897EDA /* Resources */ = {
			isa = PBXResourcesBuildPhase;
			buildActionMask = 2147483647;
			files = (
			);
			runOnlyForDeploymentPostprocessing = 0;
		};
/* End PBXResourcesBuildPhase section */

/* Begin PBXSourcesBuildPhase section */
		B31B65E62D924D8600897EDA /* Sources */ = {
			isa = PBXSourcesBuildPhase;
			buildActionMask = 2147483647;
			files = (
			);
			runOnlyForDeploymentPostprocessing = 0;
		};
		B31B65F62D924D8700897EDA /* Sources */ = {
			isa = PBXSourcesBuildPhase;
			buildActionMask = 2147483647;
			files = (
			);
			runOnlyForDeploymentPostprocessing = 0;
		};
		B31B66002D924D8700897EDA /* Sources */ = {
			isa = PBXSourcesBuildPhase;
			buildActionMask = 2147483647;
			files = (
			);
			runOnlyForDeploymentPostprocessing = 0;
		};
/* End PBXSourcesBuildPhase section */

/* Begin PBXTargetDependency section */
		B31B65FC2D924D8700897EDA /* PBXTargetDependency */ = {
			isa = PBXTargetDependency;
			target = B31B65E92D924D8600897EDA /* Fitpalzsz */;
			targetProxy = B31B65FB2D924D8700897EDA /* PBXContainerItemProxy */;
		};
		B31B66062D924D8700897EDA /* PBXTargetDependency */ = {
			isa = PBXTargetDependency;
			target = B31B65E92D924D8600897EDA /* Fitpalzsz */;
			targetProxy = B31B66052D924D8700897EDA /* PBXContainerItemProxy */;
		};
/* End PBXTargetDependency section */

/* Begin XCBuildConfiguration section */
		B31B660C2D924D8700897EDA /* Debug */ = {
			isa = XCBuildConfiguration;
			buildSettings = {
				ALWAYS_SEARCH_USER_PATHS = NO;
				ASSETCATALOG_COMPILER_GENERATE_SWIFT_ASSET_SYMBOL_EXTENSIONS = YES;
				CLANG_ANALYZER_NONNULL = YES;
				CLANG_ANALYZER_NUMBER_OBJECT_CONVERSION = YES_AGGRESSIVE;
				CLANG_CXX_LANGUAGE_STANDARD = "gnu++20";
				CLANG_ENABLE_MODULES = YES;
				CLANG_ENABLE_OBJC_ARC = YES;
				CLANG_ENABLE_OBJC_WEAK = YES;
				CLANG_WARN_BLOCK_CAPTURE_AUTORELEASING = YES;
				CLANG_WARN_BOOL_CONVERSION = YES;
				CLANG_WARN_COMMA = YES;
				CLANG_WARN_CONSTANT_CONVERSION = YES;
				CLANG_WARN_DEPRECATED_OBJC_IMPLEMENTATIONS = YES;
				CLANG_WARN_DIRECT_OBJC_ISA_USAGE = YES_ERROR;
				CLANG_WARN_DOCUMENTATION_COMMENTS = YES;
				CLANG_WARN_EMPTY_BODY = YES;
				CLANG_WARN_ENUM_CONVERSION = YES;
				CLANG_WARN_INFINITE_RECURSION = YES;
				CLANG_WARN_INT_CONVERSION = YES;
				CLANG_WARN_NON_LITERAL_NULL_CONVERSION = YES;
				CLANG_WARN_OBJC_IMPLICIT_RETAIN_SELF = YES;
				CLANG_WARN_OBJC_LITERAL_CONVERSION = YES;
				CLANG_WARN_OBJC_ROOT_CLASS = YES_ERROR;
				CLANG_WARN_QUOTED_INCLUDE_IN_FRAMEWORK_HEADER = YES;
				CLANG_WARN_RANGE_LOOP_ANALYSIS = YES;
				CLANG_WARN_STRICT_PROTOTYPES = YES;
				CLANG_WARN_SUSPICIOUS_MOVE = YES;
				CLANG_WARN_UNGUARDED_AVAILABILITY = YES_AGGRESSIVE;
				CLANG_WARN_UNREACHABLE_CODE = YES;
				CLANG_WARN__DUPLICATE_METHOD_MATCH = YES;
				COPY_PHASE_STRIP = NO;
				DEBUG_INFORMATION_FORMAT = dwarf;
				ENABLE_STRICT_OBJC_MSGSEND = YES;
				ENABLE_TESTABILITY = YES;
				ENABLE_USER_SCRIPT_SANDBOXING = YES;
				GCC_C_LANGUAGE_STANDARD = gnu17;
				GCC_DYNAMIC_NO_PIC = NO;
				GCC_NO_COMMON_BLOCKS = YES;
				GCC_OPTIMIZATION_LEVEL = 0;
				GCC_PREPROCESSOR_DEFINITIONS = (
					"DEBUG=1",
					"$(inherited)",
				);
				GCC_WARN_64_TO_32_BIT_CONVERSION = YES;
				GCC_WARN_ABOUT_RETURN_TYPE = YES_ERROR;
				GCC_WARN_UNDECLARED_SELECTOR = YES;
				GCC_WARN_UNINITIALIZED_AUTOS = YES_AGGRESSIVE;
				GCC_WARN_UNUSED_FUNCTION = YES;
				GCC_WARN_UNUSED_VARIABLE = YES;
				IPHONEOS_DEPLOYMENT_TARGET = 18.2;
				LOCALIZATION_PREFERS_STRING_CATALOGS = YES;
				MTL_ENABLE_DEBUG_INFO = INCLUDE_SOURCE;
				MTL_FAST_MATH = YES;
				ONLY_ACTIVE_ARCH = YES;
				SDKROOT = iphoneos;
				SWIFT_ACTIVE_COMPILATION_CONDITIONS = "DEBUG $(inherited)";
				SWIFT_OPTIMIZATION_LEVEL = "-Onone";
			};
			name = Debug;
		};
		B31B660D2D924D8700897EDA /* Release */ = {
			isa = XCBuildConfiguration;
			buildSettings = {
				ALWAYS_SEARCH_USER_PATHS = NO;
				ASSETCATALOG_COMPILER_GENERATE_SWIFT_ASSET_SYMBOL_EXTENSIONS = YES;
				CLANG_ANALYZER_NONNULL = YES;
				CLANG_ANALYZER_NUMBER_OBJECT_CONVERSION = YES_AGGRESSIVE;
				CLANG_CXX_LANGUAGE_STANDARD = "gnu++20";
				CLANG_ENABLE_MODULES = YES;
				CLANG_ENABLE_OBJC_ARC = YES;
				CLANG_ENABLE_OBJC_WEAK = YES;
				CLANG_WARN_BLOCK_CAPTURE_AUTORELEASING = YES;
				CLANG_WARN_BOOL_CONVERSION = YES;
				CLANG_WARN_COMMA = YES;
				CLANG_WARN_CONSTANT_CONVERSION = YES;
				CLANG_WARN_DEPRECATED_OBJC_IMPLEMENTATIONS = YES;
				CLANG_WARN_DIRECT_OBJC_ISA_USAGE = YES_ERROR;
				CLANG_WARN_DOCUMENTATION_COMMENTS = YES;
				CLANG_WARN_EMPTY_BODY = YES;
				CLANG_WARN_ENUM_CONVERSION = YES;
				CLANG_WARN_INFINITE_RECURSION = YES;
				CLANG_WARN_INT_CONVERSION = YES;
				CLANG_WARN_NON_LITERAL_NULL_CONVERSION = YES;
				CLANG_WARN_OBJC_IMPLICIT_RETAIN_SELF = YES;
				CLANG_WARN_OBJC_LITERAL_CONVERSION = YES;
				CLANG_WARN_OBJC_ROOT_CLASS = YES_ERROR;
				CLANG_WARN_QUOTED_INCLUDE_IN_FRAMEWORK_HEADER = YES;
				CLANG_WARN_RANGE_LOOP_ANALYSIS = YES;
				CLANG_WARN_STRICT_PROTOTYPES = YES;
				CLANG_WARN_SUSPICIOUS_MOVE = YES;
				CLANG_WARN_UNGUARDED_AVAILABILITY = YES_AGGRESSIVE;
				CLANG_WARN_UNREACHABLE_CODE = YES;
				CLANG_WARN__DUPLICATE_METHOD_MATCH = YES;
				COPY_PHASE_STRIP = NO;
				DEBUG_INFORMATION_FORMAT = "dwarf-with-dsym";
				ENABLE_NS_ASSERTIONS = NO;
				ENABLE_STRICT_OBJC_MSGSEND = YES;
				ENABLE_USER_SCRIPT_SANDBOXING = YES;
				GCC_C_LANGUAGE_STANDARD = gnu17;
				GCC_NO_COMMON_BLOCKS = YES;
				GCC_WARN_64_TO_32_BIT_CONVERSION = YES;
				GCC_WARN_ABOUT_RETURN_TYPE = YES_ERROR;
				GCC_WARN_UNDECLARED_SELECTOR = YES;
				GCC_WARN_UNINITIALIZED_AUTOS = YES_AGGRESSIVE;
				GCC_WARN_UNUSED_FUNCTION = YES;
				GCC_WARN_UNUSED_VARIABLE = YES;
				IPHONEOS_DEPLOYMENT_TARGET = 18.2;
				LOCALIZATION_PREFERS_STRING_CATALOGS = YES;
				MTL_ENABLE_DEBUG_INFO = NO;
				MTL_FAST_MATH = YES;
				SDKROOT = iphoneos;
				SWIFT_COMPILATION_MODE = wholemodule;
				VALIDATE_PRODUCT = YES;
			};
			name = Release;
		};
		B31B660F2D924D8700897EDA /* Debug */ = {
			isa = XCBuildConfiguration;
			buildSettings = {
				ASSETCATALOG_COMPILER_APPICON_NAME = AppIcon;
				ASSETCATALOG_COMPILER_GLOBAL_ACCENT_COLOR_NAME = AccentColor;
				CODE_SIGN_ENTITLEMENTS = Fitpalzsz/Fitpalzsz.entitlements;
				CODE_SIGN_STYLE = Automatic;
				CURRENT_PROJECT_VERSION = 1;
				DEVELOPMENT_ASSET_PATHS = "\"Fitpalzsz/Preview Content\"";
				DEVELOPMENT_TEAM = 4VP4X3DU6A;
				ENABLE_PREVIEWS = YES;
				GENERATE_INFOPLIST_FILE = YES;
				INFOPLIST_FILE = Fitpalzsz/Info.plist;
				INFOPLIST_KEY_NSHealthShareUsageDescription = "This app wants to read your health data to track your fitness progress";
				INFOPLIST_KEY_UIApplicationSceneManifest_Generation = YES;
				INFOPLIST_KEY_UIApplicationSupportsIndirectInputEvents = YES;
				INFOPLIST_KEY_UILaunchScreen_Generation = YES;
				INFOPLIST_KEY_UISupportedInterfaceOrientations_iPad = "UIInterfaceOrientationPortrait UIInterfaceOrientationPortraitUpsideDown UIInterfaceOrientationLandscapeLeft UIInterfaceOrientationLandscapeRight";
				INFOPLIST_KEY_UISupportedInterfaceOrientations_iPhone = "UIInterfaceOrientationPortrait UIInterfaceOrientationLandscapeLeft UIInterfaceOrientationLandscapeRight";
				LD_RUNPATH_SEARCH_PATHS = (
					"$(inherited)",
					"@executable_path/Frameworks",
				);
				MARKETING_VERSION = 1.0;
				PRODUCT_BUNDLE_IDENTIFIER = com.masumatalukder.Fitpalzsz;
				PRODUCT_NAME = "$(TARGET_NAME)";
				SWIFT_EMIT_LOC_STRINGS = YES;
				SWIFT_VERSION = 5.0;
				TARGETED_DEVICE_FAMILY = "1,2";
			};
			name = Debug;
		};
		B31B66102D924D8700897EDA /* Release */ = {
			isa = XCBuildConfiguration;
			buildSettings = {
				ASSETCATALOG_COMPILER_APPICON_NAME = AppIcon;
				ASSETCATALOG_COMPILER_GLOBAL_ACCENT_COLOR_NAME = AccentColor;
				CODE_SIGN_ENTITLEMENTS = Fitpalzsz/Fitpalzsz.entitlements;
				CODE_SIGN_STYLE = Automatic;
				CURRENT_PROJECT_VERSION = 1;
				DEVELOPMENT_ASSET_PATHS = "\"Fitpalzsz/Preview Content\"";
				DEVELOPMENT_TEAM = 4VP4X3DU6A;
				ENABLE_PREVIEWS = YES;
				GENERATE_INFOPLIST_FILE = YES;
				INFOPLIST_FILE = Fitpalzsz/Info.plist;
				INFOPLIST_KEY_NSHealthShareUsageDescription = "This app wants to read your health data to track your fitness progress";
				INFOPLIST_KEY_UIApplicationSceneManifest_Generation = YES;
				INFOPLIST_KEY_UIApplicationSupportsIndirectInputEvents = YES;
				INFOPLIST_KEY_UILaunchScreen_Generation = YES;
				INFOPLIST_KEY_UISupportedInterfaceOrientations_iPad = "UIInterfaceOrientationPortrait UIInterfaceOrientationPortraitUpsideDown UIInterfaceOrientationLandscapeLeft UIInterfaceOrientationLandscapeRight";
				INFOPLIST_KEY_UISupportedInterfaceOrientations_iPhone = "UIInterfaceOrientationPortrait UIInterfaceOrientationLandscapeLeft UIInterfaceOrientationLandscapeRight";
				LD_RUNPATH_SEARCH_PATHS = (
					"$(inherited)",
					"@executable_path/Frameworks",
				);
				MARKETING_VERSION = 1.0;
				PRODUCT_BUNDLE_IDENTIFIER = com.masumatalukder.Fitpalzsz;
				PRODUCT_NAME = "$(TARGET_NAME)";
				SWIFT_EMIT_LOC_STRINGS = YES;
				SWIFT_VERSION = 5.0;
				TARGETED_DEVICE_FAMILY = "1,2";
			};
			name = Release;
		};
		B31B66122D924D8700897EDA /* Debug */ = {
			isa = XCBuildConfiguration;
			buildSettings = {
				BUNDLE_LOADER = "$(TEST_HOST)";
				CODE_SIGN_STYLE = Automatic;
				CURRENT_PROJECT_VERSION = 1;
				DEVELOPMENT_TEAM = 8SSRKAG2JK;
				GENERATE_INFOPLIST_FILE = YES;
				IPHONEOS_DEPLOYMENT_TARGET = 18.2;
				MARKETING_VERSION = 1.0;
				PRODUCT_BUNDLE_IDENTIFIER = com.masumatalukder.FitpalzszTests;
				PRODUCT_NAME = "$(TARGET_NAME)";
				SWIFT_EMIT_LOC_STRINGS = NO;
				SWIFT_VERSION = 5.0;
				TARGETED_DEVICE_FAMILY = "1,2";
				TEST_HOST = "$(BUILT_PRODUCTS_DIR)/Fitpalzsz.app/$(BUNDLE_EXECUTABLE_FOLDER_PATH)/Fitpalzsz";
			};
			name = Debug;
		};
		B31B66132D924D8700897EDA /* Release */ = {
			isa = XCBuildConfiguration;
			buildSettings = {
				BUNDLE_LOADER = "$(TEST_HOST)";
				CODE_SIGN_STYLE = Automatic;
				CURRENT_PROJECT_VERSION = 1;
				DEVELOPMENT_TEAM = 8SSRKAG2JK;
				GENERATE_INFOPLIST_FILE = YES;
				IPHONEOS_DEPLOYMENT_TARGET = 18.2;
				MARKETING_VERSION = 1.0;
				PRODUCT_BUNDLE_IDENTIFIER = com.masumatalukder.FitpalzszTests;
				PRODUCT_NAME = "$(TARGET_NAME)";
				SWIFT_EMIT_LOC_STRINGS = NO;
				SWIFT_VERSION = 5.0;
				TARGETED_DEVICE_FAMILY = "1,2";
				TEST_HOST = "$(BUILT_PRODUCTS_DIR)/Fitpalzsz.app/$(BUNDLE_EXECUTABLE_FOLDER_PATH)/Fitpalzsz";
			};
			name = Release;
		};
		B31B66152D924D8700897EDA /* Debug */ = {
			isa = XCBuildConfiguration;
			buildSettings = {
				CODE_SIGN_STYLE = Automatic;
				CURRENT_PROJECT_VERSION = 1;
				DEVELOPMENT_TEAM = 8SSRKAG2JK;
				GENERATE_INFOPLIST_FILE = YES;
				MARKETING_VERSION = 1.0;
				PRODUCT_BUNDLE_IDENTIFIER = com.masumatalukder.FitpalzszUITests;
				PRODUCT_NAME = "$(TARGET_NAME)";
				SWIFT_EMIT_LOC_STRINGS = NO;
				SWIFT_VERSION = 5.0;
				TARGETED_DEVICE_FAMILY = "1,2";
				TEST_TARGET_NAME = Fitpalzsz;
			};
			name = Debug;
		};
		B31B66162D924D8700897EDA /* Release */ = {
			isa = XCBuildConfiguration;
			buildSettings = {
				CODE_SIGN_STYLE = Automatic;
				CURRENT_PROJECT_VERSION = 1;
				DEVELOPMENT_TEAM = 8SSRKAG2JK;
				GENERATE_INFOPLIST_FILE = YES;
				MARKETING_VERSION = 1.0;
				PRODUCT_BUNDLE_IDENTIFIER = com.masumatalukder.FitpalzszUITests;
				PRODUCT_NAME = "$(TARGET_NAME)";
				SWIFT_EMIT_LOC_STRINGS = NO;
				SWIFT_VERSION = 5.0;
				TARGETED_DEVICE_FAMILY = "1,2";
				TEST_TARGET_NAME = Fitpalzsz;
			};
			name = Release;
		};
/* End XCBuildConfiguration section */

/* Begin XCConfigurationList section */
		B31B65E52D924D8600897EDA /* Build configuration list for PBXProject "Fitpalzsz" */ = {
			isa = XCConfigurationList;
			buildConfigurations = (
				B31B660C2D924D8700897EDA /* Debug */,
				B31B660D2D924D8700897EDA /* Release */,
			);
			defaultConfigurationIsVisible = 0;
			defaultConfigurationName = Release;
		};
		B31B660E2D924D8700897EDA /* Build configuration list for PBXNativeTarget "Fitpalzsz" */ = {
			isa = XCConfigurationList;
			buildConfigurations = (
				B31B660F2D924D8700897EDA /* Debug */,
				B31B66102D924D8700897EDA /* Release */,
			);
			defaultConfigurationIsVisible = 0;
			defaultConfigurationName = Release;
		};
		B31B66112D924D8700897EDA /* Build configuration list for PBXNativeTarget "FitpalzszTests" */ = {
			isa = XCConfigurationList;
			buildConfigurations = (
				B31B66122D924D8700897EDA /* Debug */,
				B31B66132D924D8700897EDA /* Release */,
			);
			defaultConfigurationIsVisible = 0;
			defaultConfigurationName = Release;
		};
		B31B66142D924D8700897EDA /* Build configuration list for PBXNativeTarget "FitpalzszUITests" */ = {
			isa = XCConfigurationList;
			buildConfigurations = (
				B31B66152D924D8700897EDA /* Debug */,
				B31B66162D924D8700897EDA /* Release */,
			);
			defaultConfigurationIsVisible = 0;
			defaultConfigurationName = Release;
		};
/* End XCConfigurationList section */

/* Begin XCRemoteSwiftPackageReference section */
		51DC55C62D9B2FC40010E953 /* XCRemoteSwiftPackageReference "firebase-ios-sdk" */ = {
			isa = XCRemoteSwiftPackageReference;
			repositoryURL = "https://github.com/firebase/firebase-ios-sdk";
			requirement = {
				kind = upToNextMajorVersion;
				minimumVersion = 11.11.0;
			};
		};
		51DC55D12D9B31180010E953 /* XCRemoteSwiftPackageReference "GoogleSignIn-iOS" */ = {
			isa = XCRemoteSwiftPackageReference;
			repositoryURL = "https://github.com/google/GoogleSignIn-iOS";
			requirement = {
				kind = upToNextMajorVersion;
				minimumVersion = 8.0.0;
			};
		};
/* End XCRemoteSwiftPackageReference section */

/* Begin XCSwiftPackageProductDependency section */
		51DC55C72D9B2FC40010E953 /* FirebaseAnalytics */ = {
			isa = XCSwiftPackageProductDependency;
			package = 51DC55C62D9B2FC40010E953 /* XCRemoteSwiftPackageReference "firebase-ios-sdk" */;
			productName = FirebaseAnalytics;
		};
		51DC55C92D9B2FC40010E953 /* FirebaseAnalyticsOnDeviceConversion */ = {
			isa = XCSwiftPackageProductDependency;
			package = 51DC55C62D9B2FC40010E953 /* XCRemoteSwiftPackageReference "firebase-ios-sdk" */;
			productName = FirebaseAnalyticsOnDeviceConversion;
		};
		51DC55CB2D9B2FC40010E953 /* FirebaseAnalyticsWithoutAdIdSupport */ = {
			isa = XCSwiftPackageProductDependency;
			package = 51DC55C62D9B2FC40010E953 /* XCRemoteSwiftPackageReference "firebase-ios-sdk" */;
			productName = FirebaseAnalyticsWithoutAdIdSupport;
		};
		51DC55CD2D9B2FC40010E953 /* FirebaseAppCheck */ = {
			isa = XCSwiftPackageProductDependency;
			package = 51DC55C62D9B2FC40010E953 /* XCRemoteSwiftPackageReference "firebase-ios-sdk" */;
			productName = FirebaseAppCheck;
		};
		51DC55CF2D9B2FC40010E953 /* FirebaseAppDistribution-Beta */ = {
			isa = XCSwiftPackageProductDependency;
			package = 51DC55C62D9B2FC40010E953 /* XCRemoteSwiftPackageReference "firebase-ios-sdk" */;
			productName = "FirebaseAppDistribution-Beta";
		};
		51DC55D22D9B31180010E953 /* GoogleSignIn */ = {
			isa = XCSwiftPackageProductDependency;
			package = 51DC55D12D9B31180010E953 /* XCRemoteSwiftPackageReference "GoogleSignIn-iOS" */;
			productName = GoogleSignIn;
		};
		51DC55D42D9B31180010E953 /* GoogleSignInSwift */ = {
			isa = XCSwiftPackageProductDependency;
			package = 51DC55D12D9B31180010E953 /* XCRemoteSwiftPackageReference "GoogleSignIn-iOS" */;
			productName = GoogleSignInSwift;
		};
		51DC55D72D9B32920010E953 /* FirebaseAuth */ = {
			isa = XCSwiftPackageProductDependency;
			package = 51DC55C62D9B2FC40010E953 /* XCRemoteSwiftPackageReference "firebase-ios-sdk" */;
			productName = FirebaseAuth;
		};
/* End XCSwiftPackageProductDependency section */
	};
	rootObject = B31B65E22D924D8600897EDA /* Project object */;
}
